
Microsoft Visual Studio Solution File, Format Version 12.00
# Visual Studio Version 17
VisualStudioVersion = 17.8.34525.116
MinimumVisualStudioVersion = 10.0.40219.1
Project("{FAE04EC0-301F-11D3-BF4B-00C04F79EFBC}") = "Sheeenam.Api", "Sheeenam.Api\Sheeenam.Api.csproj", "{BB13C24B-BE4D-47F3-9751-D00CB9543A73}"
EndProject
Global
	GlobalSection(SolutionConfigurationPlatforms) = preSolution
		Debug|Any CPU = Debug|Any CPU
		Release|Any CPU = Release|Any CPU
	EndGlobalSection
	GlobalSection(ProjectConfigurationPlatforms) = postSolution
		{BB13C24B-BE4D-47F3-9751-D00CB9543A73}.Debug|Any CPU.ActiveCfg = Debug|Any CPU
		{BB13C24B-BE4D-47F3-9751-D00CB9543A73}.Debug|Any CPU.Build.0 = Debug|Any CPU
		{BB13C24B-BE4D-47F3-9751-D00CB9543A73}.Release|Any CPU.ActiveCfg = Release|Any CPU
		{BB13C24B-BE4D-47F3-9751-D00CB9543A73}.Release|Any CPU.Build.0 = Release|Any CPU
	EndGlobalSection
	GlobalSection(SolutionProperties) = preSolution
		HideSolutionNode = FALSE
	EndGlobalSection
	GlobalSection(ExtensibilityGlobals) = postSolution
		SolutionGuid = {AE9C6788-DFCA-4268-82D0-7A00BA1D58BA}
	EndGlobalSection
EndGlobal
